Microsoft Visual Studio Solution File, Format Version 12.00
# Visual Studio 2012
Project("{FAE04EC0-301F-11D3-BF4B-00C04F79EFBC}") = "OpenATD", "OpenATD.csproj", "{0345A7B0-33C5-458A-B45C-D87EA6E48EE3}"
EndProject
Global
	GlobalSection(SolutionConfigurationPlatforms) = preSolution
	Debug|Any CPU = Debug|Any CPU
	Release|Any CPU = Release|Any CPU
	Tools|Any CPU = Tools|Any CPU
	EndGlobalSection
	GlobalSection(ProjectConfigurationPlatforms) = postSolution
		{0345A7B0-33C5-458A-B45C-D87EA6E48EE3}.Debug|Any CPU.ActiveCfg = Debug|Any CPU
		{0345A7B0-33C5-458A-B45C-D87EA6E48EE3}.Debug|Any CPU.Build.0 = Debug|Any CPU
		{0345A7B0-33C5-458A-B45C-D87EA6E48EE3}.Release|Any CPU.ActiveCfg = Release|Any CPU
		{0345A7B0-33C5-458A-B45C-D87EA6E48EE3}.Release|Any CPU.Build.0 = Release|Any CPU
		{0345A7B0-33C5-458A-B45C-D87EA6E48EE3}.Tools|Any CPU.ActiveCfg = Tools|Any CPU
		{0345A7B0-33C5-458A-B45C-D87EA6E48EE3}.Tools|Any CPU.Build.0 = Tools|Any CPU
	EndGlobalSection
EndGlobal
